
Microsoft Visual Studio Solution File, Format Version 12.00
# Visual Studio Version 16
VisualStudioVersion = 16.0.29306.81
MinimumVisualStudioVersion = 10.0.40219.1
Project("{9A19103F-16F7-4668-BE54-9A1E7A4F7556}") = "SimpleWarehouseAPI", "SimpleWarehouseAPI\SimpleWarehouseAPI.csproj", "{9EBCC0E6-D3DF-4004-93DA-0AD6E38840E2}"
EndProject
Project("{FAE04EC0-301F-11D3-BF4B-00C04F79EFBC}") = "SimpleWarehouseAPI.Tests", "SimpleWarehouseAPI.Tests\SimpleWarehouseAPI.Tests.csproj", "{BF29F55E-6766-44A6-892A-A2963C0D52D2}"
EndProject
Global
	GlobalSection(SolutionConfigurationPlatforms) = preSolution
		Debug|Any CPU = Debug|Any CPU
		Release|Any CPU = Release|Any CPU
	EndGlobalSection
	GlobalSection(ProjectConfigurationPlatforms) = postSolution
		{9EBCC0E6-D3DF-4004-93DA-0AD6E38840E2}.Debug|Any CPU.ActiveCfg = Debug|Any CPU
		{9EBCC0E6-D3DF-4004-93DA-0AD6E38840E2}.Debug|Any CPU.Build.0 = Debug|Any CPU
		{9EBCC0E6-D3DF-4004-93DA-0AD6E38840E2}.Release|Any CPU.ActiveCfg = Release|Any CPU
		{9EBCC0E6-D3DF-4004-93DA-0AD6E38840E2}.Release|Any CPU.Build.0 = Release|Any CPU
		{BF29F55E-6766-44A6-892A-A2963C0D52D2}.Debug|Any CPU.ActiveCfg = Debug|Any CPU
		{BF29F55E-6766-44A6-892A-A2963C0D52D2}.Debug|Any CPU.Build.0 = Debug|Any CPU
		{BF29F55E-6766-44A6-892A-A2963C0D52D2}.Release|Any CPU.ActiveCfg = Release|Any CPU
		{BF29F55E-6766-44A6-892A-A2963C0D52D2}.Release|Any CPU.Build.0 = Release|Any CPU
	EndGlobalSection
	GlobalSection(SolutionProperties) = preSolution
		HideSolutionNode = FALSE
	EndGlobalSection
	GlobalSection(ExtensibilityGlobals) = postSolution
		SolutionGuid = {D0171290-FDFC-45D6-9736-EF1BEC4B6D52}
	EndGlobalSection
EndGlobal
